// !$*UTF8*$!
{
	archiveVersion = 1;
	classes = {
	};
	objectVersion = 48;
	objects = {

/* Begin PBXBuildFile section */
		0467F74F20093D7F00057DB0 /* AppDelegate.swift in Sources */ = {isa = PBXBuildFile; fileRef = 0467F74E20093D7F00057DB0 /* AppDelegate.swift */; };
		0467F75120093D7F00057DB0 /* FlyppyViewController.swift in Sources */ = {isa = PBXBuildFile; fileRef = 0467F75020093D7F00057DB0 /* FlyppyViewController.swift */; };
		0467F75420093D7F00057DB0 /* Main.storyboard in Resources */ = {isa = PBXBuildFile; fileRef = 0467F75220093D7F00057DB0 /* Main.storyboard */; };
		0467F75620093D7F00057DB0 /* Assets.xcassets in Resources */ = {isa = PBXBuildFile; fileRef = 0467F75520093D7F00057DB0 /* Assets.xcassets */; };
		0467F75920093D7F00057DB0 /* LaunchScreen.storyboard in Resources */ = {isa = PBXBuildFile; fileRef = 0467F75720093D7F00057DB0 /* LaunchScreen.storyboard */; };
		0467F76120093E6200057DB0 /* FlyppyBehavior.swift in Sources */ = {isa = PBXBuildFile; fileRef = 0467F76020093E6200057DB0 /* FlyppyBehavior.swift */; };
		0467F7632009438F00057DB0 /* BirdView.swift in Sources */ = {isa = PBXBuildFile; fileRef = 0467F7622009438F00057DB0 /* BirdView.swift */; };
		0494578F20096F47007A0790 /* TopObstacleView.swift in Sources */ = {isa = PBXBuildFile; fileRef = 0494578E20096F47007A0790 /* TopObstacleView.swift */; };
		04945791200987B5007A0790 /* BottomObstacleView.swift in Sources */ = {isa = PBXBuildFile; fileRef = 04945790200987B5007A0790 /* BottomObstacleView.swift */; };
		049457932009A2A3007A0790 /* ObstacleBehavior.swift in Sources */ = {isa = PBXBuildFile; fileRef = 049457922009A2A3007A0790 /* ObstacleBehavior.swift */; };
/* End PBXBuildFile section */

/* Begin PBXFileReference section */
		0467F74B20093D7F00057DB0 /* Flyppy Bird.app */ = {isa = PBXFileReference; explicitFileType = wrapper.application; includeInIndex = 0; path = "Flyppy Bird.app"; sourceTree = BUILT_PRODUCTS_DIR; };
		0467F74E20093D7F00057DB0 /* AppDelegate.swift */ = {isa = PBXFileReference; lastKnownFileType = sourcecode.swift; path = AppDelegate.swift; sourceTree = "<group>"; };
		0467F75020093D7F00057DB0 /* FlyppyViewController.swift */ = {isa = PBXFileReference; lastKnownFileType = sourcecode.swift; path = FlyppyViewController.swift; sourceTree = "<group>"; };
		0467F75320093D7F00057DB0 /* Base */ = {isa = PBXFileReference; lastKnownFileType = file.storyboard; name = Base; path = Base.lproj/Main.storyboard; sourceTree = "<group>"; };
		0467F75520093D7F00057DB0 /* Assets.xcassets */ = {isa = PBXFileReference; lastKnownFileType = folder.assetcatalog; path = Assets.xcassets; sourceTree = "<group>"; };
		0467F75820093D7F00057DB0 /* Base */ = {isa = PBXFileReference; lastKnownFileType = file.storyboard; name = Base; path = Base.lproj/LaunchScreen.storyboard; sourceTree = "<group>"; };
		0467F75A20093D7F00057DB0 /* Info.plist */ = {isa = PBXFileReference; lastKnownFileType = text.plist.xml; path = Info.plist; sourceTree = "<group>"; };
		0467F76020093E6200057DB0 /* FlyppyBehavior.swift */ = {isa = PBXFileReference; lastKnownFileType = sourcecode.swift; path = FlyppyBehavior.swift; sourceTree = "<group>"; };
		0467F7622009438F00057DB0 /* BirdView.swift */ = {isa = PBXFileReference; lastKnownFileType = sourcecode.swift; path = BirdView.swift; sourceTree = "<group>"; };
		0494578E20096F47007A0790 /* TopObstacleView.swift */ = {isa = PBXFileReference; lastKnownFileType = sourcecode.swift; path = TopObstacleView.swift; sourceTree = "<group>"; };
		04945790200987B5007A0790 /* BottomObstacleView.swift */ = {isa = PBXFileReference; lastKnownFileType = sourcecode.swift; path = BottomObstacleView.swift; sourceTree = "<group>"; };
		049457922009A2A3007A0790 /* ObstacleBehavior.swift */ = {isa = PBXFileReference; lastKnownFileType = sourcecode.swift; path = ObstacleBehavior.swift; sourceTree = "<group>"; };
/* End PBXFileReference section */

/* Begin PBXFrameworksBuildPhase section */
		0467F74820093D7F00057DB0 /* Frameworks */ = {
			isa = PBXFrameworksBuildPhase;
			buildActionMask = 2147483647;
			files = (
			);
			runOnlyForDeploymentPostprocessing = 0;
		};
/* End PBXFrameworksBuildPhase section */

/* Begin PBXGroup section */
		0467F74220093D7F00057DB0 = {
			isa = PBXGroup;
			children = (
				0467F74D20093D7F00057DB0 /* Flyppy Bird */,
				0467F74C20093D7F00057DB0 /* Products */,
			);
			sourceTree = "<group>";
		};
		0467F74C20093D7F00057DB0 /* Products */ = {
			isa = PBXGroup;
			children = (
				0467F74B20093D7F00057DB0 /* Flyppy Bird.app */,
			);
			name = Products;
			sourceTree = "<group>";
		};
		0467F74D20093D7F00057DB0 /* Flyppy Bird */ = {
			isa = PBXGroup;
			children = (
				0467F74E20093D7F00057DB0 /* AppDelegate.swift */,
				0467F75020093D7F00057DB0 /* FlyppyViewController.swift */,
				049457922009A2A3007A0790 /* ObstacleBehavior.swift */,
				0467F76020093E6200057DB0 /* FlyppyBehavior.swift */,
				0467F7622009438F00057DB0 /* BirdView.swift */,
				0467F75220093D7F00057DB0 /* Main.storyboard */,
				0467F75520093D7F00057DB0 /* Assets.xcassets */,
				0467F75720093D7F00057DB0 /* LaunchScreen.storyboard */,
				0467F75A20093D7F00057DB0 /* Info.plist */,
				0494578E20096F47007A0790 /* TopObstacleView.swift */,
				04945790200987B5007A0790 /* BottomObstacleView.swift */,
			);
			path = "Flyppy Bird";
			sourceTree = "<group>";
		};
/* End PBXGroup section */

/* Begin PBXNativeTarget section */
		0467F74A20093D7F00057DB0 /* Flyppy Bird */ = {
			isa = PBXNativeTarget;
			buildConfigurationList = 0467F75D20093D7F00057DB0 /* Build configuration list for PBXNativeTarget "Flyppy Bird" */;
			buildPhases = (
				0467F74720093D7F00057DB0 /* Sources */,
				0467F74820093D7F00057DB0 /* Frameworks */,
				0467F74920093D7F00057DB0 /* Resources */,
			);
			buildRules = (
			);
			dependencies = (
			);
			name = "Flyppy Bird";
			productName = "Flyppy Bird";
			productReference = 0467F74B20093D7F00057DB0 /* Flyppy Bird.app */;
			productType = "com.apple.product-type.application";
		};
/* End PBXNativeTarget section */

/* Begin PBXProject section */
		0467F74320093D7F00057DB0 /* Project object */ = {
			isa = PBXProject;
			attributes = {
				LastSwiftUpdateCheck = 0920;
				LastUpgradeCheck = 0920;
				ORGANIZATIONNAME = "Jing Wei Li";
				TargetAttributes = {
					0467F74A20093D7F00057DB0 = {
						CreatedOnToolsVersion = 9.2;
						ProvisioningStyle = Automatic;
					};
				};
			};
			buildConfigurationList = 0467F74620093D7F00057DB0 /* Build configuration list for PBXProject "Flyppy Bird" */;
			compatibilityVersion = "Xcode 8.0";
			developmentRegion = en;
			hasScannedForEncodings = 0;
			knownRegions = (
				en,
				Base,
			);
			mainGroup = 0467F74220093D7F00057DB0;
			productRefGroup = 0467F74C20093D7F00057DB0 /* Products */;
			projectDirPath = "";
			projectRoot = "";
			targets = (
				0467F74A20093D7F00057DB0 /* Flyppy Bird */,
			);
		};
/* End PBXProject section */

/* Begin PBXResourcesBuildPhase section */
		0467F74920093D7F00057DB0 /* Resources */ = {
			isa = PBXResourcesBuildPhase;
			buildActionMask = 2147483647;
			files = (
				0467F75920093D7F00057DB0 /* LaunchScreen.storyboard in Resources */,
				0467F75620093D7F00057DB0 /* Assets.xcassets in Resources */,
				0467F75420093D7F00057DB0 /* Main.storyboard in Resources */,
			);
			runOnlyForDeploymentPostprocessing = 0;
		};
/* End PBXResourcesBuildPhase section */

/* Begin PBXSourcesBuildPhase section */
		0467F74720093D7F00057DB0 /* Sources */ = {
			isa = PBXSourcesBuildPhase;
			buildActionMask = 2147483647;
			files = (
				0467F75120093D7F00057DB0 /* FlyppyViewController.swift in Sources */,
				0467F7632009438F00057DB0 /* BirdView.swift in Sources */,
				0494578F20096F47007A0790 /* TopObstacleView.swift in Sources */,
				0467F76120093E6200057DB0 /* FlyppyBehavior.swift in Sources */,
				04945791200987B5007A0790 /* BottomObstacleView.swift in Sources */,
				049457932009A2A3007A0790 /* ObstacleBehavior.swift in Sources */,
				0467F74F20093D7F00057DB0 /* AppDelegate.swift in Sources */,
			);
			runOnlyForDeploymentPostprocessing = 0;
		};
/* End PBXSourcesBuildPhase section */

/* Begin PBXVariantGroup section */
		0467F75220093D7F00057DB0 /* Main.storyboard */ = {
			isa = PBXVariantGroup;
			children = (
				0467F75320093D7F00057DB0 /* Base */,
			);
			name = Main.storyboard;
			sourceTree = "<group>";
		};
		0467F75720093D7F00057DB0 /* LaunchScreen.storyboard */ = {
			isa = PBXVariantGroup;
			children = (
				0467F75820093D7F00057DB0 /* Base */,
			);
			name = LaunchScreen.storyboard;
			sourceTree = "<group>";
		};
/* End PBXVariantGroup section */

/* Begin XCBuildConfiguration section */
		0467F75B20093D7F00057DB0 /* Debug */ = {
			isa = XCBuildConfiguration;
			buildSettings = {
				ALWAYS_SEARCH_USER_PATHS = NO;
				CLANG_ANALYZER_NONNULL = YES;
				CLANG_ANALYZER_NUMBER_OBJECT_CONVERSION = YES_AGGRESSIVE;
				CLANG_CXX_LANGUAGE_STANDARD = "gnu++14";
				CLANG_CXX_LIBRARY = "libc++";
				CLANG_ENABLE_MODULES = YES;
				CLANG_ENABLE_OBJC_ARC = YES;
				CLANG_WARN_BLOCK_CAPTURE_AUTORELEASING = YES;
				CLANG_WARN_BOOL_CONVERSION = YES;
				CLANG_WARN_COMMA = YES;
				CLANG_WARN_CONSTANT_CONVERSION = YES;
				CLANG_WARN_DIRECT_OBJC_ISA_USAGE = YES_ERROR;
				CLANG_WARN_DOCUMENTATION_COMMENTS = YES;
				CLANG_WARN_EMPTY_BODY = YES;
				CLANG_WARN_ENUM_CONVERSION = YES;
				CLANG_WARN_INFINITE_RECURSION = YES;
				CLANG_WARN_INT_CONVERSION = YES;
				CLANG_WARN_NON_LITERAL_NULL_CONVERSION = YES;
				CLANG_WARN_OBJC_LITERAL_CONVERSION = YES;
				CLANG_WARN_OBJC_ROOT_CLASS = YES_ERROR;
				CLANG_WARN_RANGE_LOOP_ANALYSIS = YES;
				CLANG_WARN_STRICT_PROTOTYPES = YES;
				CLANG_WARN_SUSPICIOUS_MOVE = YES;
				CLANG_WARN_UNGUARDED_AVAILABILITY = YES_AGGRESSIVE;
				CLANG_WARN_UNREACHABLE_CODE = YES;
				CLANG_WARN__DUPLICATE_METHOD_MATCH = YES;
				CODE_SIGN_IDENTITY = "iPhone Developer";
				COPY_PHASE_STRIP = NO;
				DEBUG_INFORMATION_FORMAT = dwarf;
				ENABLE_STRICT_OBJC_MSGSEND = YES;
				ENABLE_TESTABILITY = YES;
				GCC_C_LANGUAGE_STANDARD = gnu11;
				GCC_DYNAMIC_NO_PIC = NO;
				GCC_NO_COMMON_BLOCKS = YES;
				GCC_OPTIMIZATION_LEVEL = 0;
				GCC_PREPROCESSOR_DEFINITIONS = (
					"DEBUG=1",
					"$(inherited)",
				);
				GCC_WARN_64_TO_32_BIT_CONVERSION = YES;
				GCC_WARN_ABOUT_RETURN_TYPE = YES_ERROR;
				GCC_WARN_UNDECLARED_SELECTOR = YES;
				GCC_WARN_UNINITIALIZED_AUTOS = YES_AGGRESSIVE;
				GCC_WARN_UNUSED_FUNCTION = YES;
				GCC_WARN_UNUSED_VARIABLE = YES;
				IPHONEOS_DEPLOYMENT_TARGET = 11.2;
				MTL_ENABLE_DEBUG_INFO = YES;
				ONLY_ACTIVE_ARCH = YES;
				SDKROOT = iphoneos;
				SWIFT_ACTIVE_COMPILATION_CONDITIONS = DEBUG;
				SWIFT_OPTIMIZATION_LEVEL = "-Onone";
			};
			name = Debug;
		};
		0467F75C20093D7F00057DB0 /* Release */ = {
			isa = XCBuildConfiguration;
			buildSettings = {
				ALWAYS_SEARCH_USER_PATHS = NO;
				CLANG_ANALYZER_NONNULL = YES;
				CLANG_ANALYZER_NUMBER_OBJECT_CONVERSION = YES_AGGRESSIVE;
				CLANG_CXX_LANGUAGE_STANDARD = "gnu++14";
				CLANG_CXX_LIBRARY = "libc++";
				CLANG_ENABLE_MODULES = YES;
				CLANG_ENABLE_OBJC_ARC = YES;
				CLANG_WARN_BLOCK_CAPTURE_AUTORELEASING = YES;
				CLANG_WARN_BOOL_CONVERSION = YES;
				CLANG_WARN_COMMA = YES;
				CLANG_WARN_CONSTANT_CONVERSION = YES;
				CLANG_WARN_DIRECT_OBJC_ISA_USAGE = YES_ERROR;
				CLANG_WARN_DOCUMENTATION_COMMENTS = YES;
				CLANG_WARN_EMPTY_BODY = YES;
				CLANG_WARN_ENUM_CONVERSION = YES;
				CLANG_WARN_INFINITE_RECURSION = YES;
				CLANG_WARN_INT_CONVERSION = YES;
				CLANG_WARN_NON_LITERAL_NULL_CONVERSION = YES;
				CLANG_WARN_OBJC_LITERAL_CONVERSION = YES;
				CLANG_WARN_OBJC_ROOT_CLASS = YES_ERROR;
				CLANG_WARN_RANGE_LOOP_ANALYSIS = YES;
				CLANG_WARN_STRICT_PROTOTYPES = YES;
				CLANG_WARN_SUSPICIOUS_MOVE = YES;
				CLANG_WARN_UNGUARDED_AVAILABILITY = YES_AGGRESSIVE;
				CLANG_WARN_UNREACHABLE_CODE = YES;
				CLANG_WARN__DUPLICATE_METHOD_MATCH = YES;
				CODE_SIGN_IDENTITY = "iPhone Developer";
				COPY_PHASE_STRIP = NO;
				DEBUG_INFORMATION_FORMAT = "dwarf-with-dsym";
				ENABLE_NS_ASSERTIONS = NO;
				ENABLE_STRICT_OBJC_MSGSEND = YES;
				GCC_C_LANGUAGE_STANDARD = gnu11;
				GCC_NO_COMMON_BLOCKS = YES;
				GCC_WARN_64_TO_32_BIT_CONVERSION = YES;
				GCC_WARN_ABOUT_RETURN_TYPE = YES_ERROR;
				GCC_WARN_UNDECLARED_SELECTOR = YES;
				GCC_WARN_UNINITIALIZED_AUTOS = YES_AGGRESSIVE;
				GCC_WARN_UNUSED_FUNCTION = YES;
				GCC_WARN_UNUSED_VARIABLE = YES;
				IPHONEOS_DEPLOYMENT_TARGET = 11.2;
				MTL_ENABLE_DEBUG_INFO = NO;
				SDKROOT = iphoneos;
				SWIFT_OPTIMIZATION_LEVEL = "-Owholemodule";
				VALIDATE_PRODUCT = YES;
			};
			name = Release;
		};
		0467F75E20093D7F00057DB0 /* Debug */ = {
			isa = XCBuildConfiguration;
			buildSettings = {
				ASSETCATALOG_COMPILER_APPICON_NAME = AppIcon;
				CODE_SIGN_STYLE = Automatic;
				DEVELOPMENT_TEAM = NDBTK98VL3;
				INFOPLIST_FILE = "Flyppy Bird/Info.plist";
				LD_RUNPATH_SEARCH_PATHS = "$(inherited) @executable_path/Frameworks";
				PRODUCT_BUNDLE_IDENTIFIER = "jingweili.flyppybird.Flyppy-Bird";
				PRODUCT_NAME = "$(TARGET_NAME)";
				SWIFT_VERSION = 4.0;
				TARGETED_DEVICE_FAMILY = "1,2";
			};
			name = Debug;
		};
		0467F75F20093D7F00057DB0 /* Release */ = {
			isa = XCBuildConfiguration;
			buildSettings = {
				ASSETCATALOG_COMPILER_APPICON_NAME = AppIcon;
				CODE_SIGN_STYLE = Automatic;
				DEVELOPMENT_TEAM = NDBTK98VL3;
				INFOPLIST_FILE = "Flyppy Bird/Info.plist";
				LD_RUNPATH_SEARCH_PATHS = "$(inherited) @executable_path/Frameworks";
				PRODUCT_BUNDLE_IDENTIFIER = "jingweili.flyppybird.Flyppy-Bird";
				PRODUCT_NAME = "$(TARGET_NAME)";
				SWIFT_VERSION = 4.0;
				TARGETED_DEVICE_FAMILY = "1,2";
			};
			name = Release;
		};
/* End XCBuildConfiguration section */

/* Begin XCConfigurationList section */
		0467F74620093D7F00057DB0 /* Build configuration list for PBXProject "Flyppy Bird" */ = {
			isa = XCConfigurationList;
			buildConfigurations = (
				0467F75B20093D7F00057DB0 /* Debug */,
				0467F75C20093D7F00057DB0 /* Release */,
			);
			defaultConfigurationIsVisible = 0;
			defaultConfigurationName = Release;
		};
		0467F75D20093D7F00057DB0 /* Build configuration list for PBXNativeTarget "Flyppy Bird" */ = {
			isa = XCConfigurationList;
			buildConfigurations = (
				0467F75E20093D7F00057DB0 /* Debug */,
				0467F75F20093D7F00057DB0 /* Release */,
			);
			defaultConfigurationIsVisible = 0;
			defaultConfigurationName = Release;
		};
/* End XCConfigurationList section */
	};
	rootObject = 0467F74320093D7F00057DB0 /* Project object */;
}
